
Microsoft Visual Studio Solution File, Format Version 12.00
# Visual Studio Version 16
VisualStudioVersion = 16.0.29905.134
MinimumVisualStudioVersion = 10.0.40219.1
Project("{FAE04EC0-301F-11D3-BF4B-00C04F79EFBC}") = "ToolBoxDemo", "ToolBoxDemo\ToolBoxDemo.csproj", "{F5F7B51C-BB65-4B45-A789-96FE4FBF16E7}"
EndProject
Global
	GlobalSection(SolutionConfigurationPlatforms) = preSolution
		Debug|Any CPU = Debug|Any CPU
		Release|Any CPU = Release|Any CPU
	EndGlobalSection
	GlobalSection(ProjectConfigurationPlatforms) = postSolution
		{F5F7B51C-BB65-4B45-A789-96FE4FBF16E7}.Debug|Any CPU.ActiveCfg = Debug|Any CPU
		{F5F7B51C-BB65-4B45-A789-96FE4FBF16E7}.Debug|Any CPU.Build.0 = Debug|Any CPU
		{F5F7B51C-BB65-4B45-A789-96FE4FBF16E7}.Release|Any CPU.ActiveCfg = Release|Any CPU
		{F5F7B51C-BB65-4B45-A789-96FE4FBF16E7}.Release|Any CPU.Build.0 = Release|Any CPU
	EndGlobalSection
	GlobalSection(SolutionProperties) = preSolution
		HideSolutionNode = FALSE
	EndGlobalSection
	GlobalSection(ExtensibilityGlobals) = postSolution
		SolutionGuid = {A069C869-D58D-491C-BADB-44E62EBEB8BD}
	EndGlobalSection
EndGlobal
